PODS:
  - BigInt (3.1.0):
    - SipHash (~> 1.2)
  - BiometricAuthentication (3.0)
  - CryptoSwift (1.0.0)
  - FlexColorPicker (1.2.1)
  - PocketSwift/Aion (0.0.1):
    - BigInt
    - PocketSwift/Core
  - PocketSwift/Core (0.0.1):
    - BigInt
    - RNCryptor
    - RxBlocking (~> 4.0)
    - RxSwift (~> 4.0)
    - SwiftKeychainWrapper
  - RNCryptor (5.0.3)
  - RxBlocking (4.5.0):
    - RxSwift (>= 4.4.2, ~> 4.4)
  - RxSwift (4.5.0)
  - SidebarOverlay (4.2.2)
  - SipHash (1.2.2)
  - SwiftHEXColors (1.2.0)
  - SwiftKeychainWrapper (3.2.0)
  - SwiftyJSON (4.3.0)

DEPENDENCIES:
  - BiometricAuthentication (~> 3.0)
  - CryptoSwift (~> 1.0.0)
  - FlexColorPicker (~> 1.2.1)
  - PocketSwift/Aion
  - "SidebarOverlay (from `git@github.com:pokt-network/SidebarOverlay.git`, branch `develop`)"
  - SwiftHEXColors (~> 1.2.0)
  - SwiftyJSON (~> 4.3.0)

SPEC REPOS:
  https://github.com/cocoapods/specs.git:
    - BigInt
    - BiometricAuthentication
    - CryptoSwift
    - FlexColorPicker
    - PocketSwift
    - RNCryptor
    - RxBlocking
    - RxSwift
    - SipHash
    - SwiftHEXColors
    - SwiftKeychainWrapper
    - SwiftyJSON

EXTERNAL SOURCES:
  SidebarOverlay:
    :branch: develop
    :git: "git@github.com:pokt-network/SidebarOverlay.git"

CHECKOUT OPTIONS:
  SidebarOverlay:
    :commit: 828f7d11092b02d8f51491d642011998ca9da1ac
    :git: "git@github.com:pokt-network/SidebarOverlay.git"

SPEC CHECKSUMS:
  BigInt: 76b5dfdfa3e2e478d4ffdf161aeede5502e2742f
  BiometricAuthentication: e39b1a55040d679d5dbc4fa90d76e067c432de7f
  CryptoSwift: d81eeaa59dc5a8d03720fe919a6fd07b51f7439f
  FlexColorPicker: 2c6fe41cb33a650d5934fad75ab0e25df4b5af2f
  PocketSwift: b61ae698f4c027b648e23702b4496786f8e6eed8
  RNCryptor: c93d19029dcf7ff160aca0f24d6c9e7b0d82f664
  RxBlocking: 79413e4d916f44bb3e113c5b2cc059e36fe58910
  RxSwift: f172070dfd1a93d70a9ab97a5a01166206e1c575
  SidebarOverlay: a34f9a42b63f7872c531ab7e5b548af12d8ddc7d
  SipHash: fad90a4683e420c52ef28063063dbbce248ea6d4
  SwiftHEXColors: a4ebe93a70890a9fa124e205dd785cc7552273b4
  SwiftKeychainWrapper: 82c4c02cdc36f9a24f7edfcaab3e336401caa1a1
  SwiftyJSON: 6faa0040f8b59dead0ee07436cbf76b73c08fd08

PODFILE CHECKSUM: 193b24d661ef4bea406af999cd540ea081433470

COCOAPODS: 1.7.0.beta.3
